
Microsoft Visual Studio Solution File, Format Version 12.00
# Visual Studio Version 16
VisualStudioVersion = 16.0.30406.217
MinimumVisualStudioVersion = 10.0.40219.1
Project("{F2A71F9B-5D33-465A-A702-920D77279786}") = "Prepositions", "Prepositions\Prepositions.fsproj", "{91E6E472-EB5C-405D-B2AF-A3C46C3CF622}"
EndProject
Global
	GlobalSection(SolutionConfigurationPlatforms) = preSolution
		Debug|Any CPU = Debug|Any CPU
		Release|Any CPU = Release|Any CPU
	EndGlobalSection
	GlobalSection(ProjectConfigurationPlatforms) = postSolution
		{91E6E472-EB5C-405D-B2AF-A3C46C3CF622}.Debug|Any CPU.ActiveCfg = Debug|Any CPU
		{91E6E472-EB5C-405D-B2AF-A3C46C3CF622}.Debug|Any CPU.Build.0 = Debug|Any CPU
		{91E6E472-EB5C-405D-B2AF-A3C46C3CF622}.Release|Any CPU.ActiveCfg = Release|Any CPU
		{91E6E472-EB5C-405D-B2AF-A3C46C3CF622}.Release|Any CPU.Build.0 = Release|Any CPU
	EndGlobalSection
	GlobalSection(SolutionProperties) = preSolution
		HideSolutionNode = FALSE
	EndGlobalSection
	GlobalSection(ExtensibilityGlobals) = postSolution
		SolutionGuid = {2EBD6476-D558-4479-8AB0-6C9FDCEAE948}
	EndGlobalSection
EndGlobal
